
Microsoft Visual Studio Solution File, Format Version 12.00
# Visual Studio 15
VisualStudioVersion = 15.0.27428.2011
MinimumVisualStudioVersion = 10.0.40219.1
Project("{262852C6-CD72-467D-83FE-5EEB1973A190}") = "HelloWeatherApacheCordova", "HelloWeatherApacheCordova.jsproj", "{A197D536-E7D8-4912-B40D-397F66A5BA67}"
EndProject
Global
	GlobalSection(SolutionConfigurationPlatforms) = preSolution
		Debug|Android = Debug|Android
		Debug|iOS = Debug|iOS
		Debug|Windows-ARM = Debug|Windows-ARM
		Debug|Windows-x64 = Debug|Windows-x64
		Debug|Windows-x86 = Debug|Windows-x86
		Release|Android = Release|Android
		Release|iOS = Release|iOS
		Release|Windows-ARM = Release|Windows-ARM
		Release|Windows-x64 = Release|Windows-x64
		Release|Windows-x86 = Release|Windows-x86
	EndGlobalSection
	GlobalSection(ProjectConfigurationPlatforms) = postSolution
		{A197D536-E7D8-4912-B40D-397F66A5BA67}.Debug|Android.ActiveCfg = Debug|Android
		{A197D536-E7D8-4912-B40D-397F66A5BA67}.Debug|Android.Build.0 = Debug|Android
		{A197D536-E7D8-4912-B40D-397F66A5BA67}.Debug|Android.Deploy.0 = Debug|Android
		{A197D536-E7D8-4912-B40D-397F66A5BA67}.Debug|iOS.ActiveCfg = Debug|iOS
		{A197D536-E7D8-4912-B40D-397F66A5BA67}.Debug|iOS.Build.0 = Debug|iOS
		{A197D536-E7D8-4912-B40D-397F66A5BA67}.Debug|iOS.Deploy.0 = Debug|iOS
		{A197D536-E7D8-4912-B40D-397F66A5BA67}.Debug|Windows-ARM.ActiveCfg = Debug|Windows-ARM
		{A197D536-E7D8-4912-B40D-397F66A5BA67}.Debug|Windows-ARM.Build.0 = Debug|Windows-ARM
		{A197D536-E7D8-4912-B40D-397F66A5BA67}.Debug|Windows-ARM.Deploy.0 = Debug|Windows-ARM
		{A197D536-E7D8-4912-B40D-397F66A5BA67}.Debug|Windows-x64.ActiveCfg = Debug|Windows-x64
		{A197D536-E7D8-4912-B40D-397F66A5BA67}.Debug|Windows-x64.Build.0 = Debug|Windows-x64
		{A197D536-E7D8-4912-B40D-397F66A5BA67}.Debug|Windows-x64.Deploy.0 = Debug|Windows-x64
		{A197D536-E7D8-4912-B40D-397F66A5BA67}.Debug|Windows-x86.ActiveCfg = Debug|Windows-x86
		{A197D536-E7D8-4912-B40D-397F66A5BA67}.Debug|Windows-x86.Build.0 = Debug|Windows-x86
		{A197D536-E7D8-4912-B40D-397F66A5BA67}.Debug|Windows-x86.Deploy.0 = Debug|Windows-x86
		{A197D536-E7D8-4912-B40D-397F66A5BA67}.Release|Android.ActiveCfg = Release|Android
		{A197D536-E7D8-4912-B40D-397F66A5BA67}.Release|Android.Build.0 = Release|Android
		{A197D536-E7D8-4912-B40D-397F66A5BA67}.Release|Android.Deploy.0 = Release|Android
		{A197D536-E7D8-4912-B40D-397F66A5BA67}.Release|iOS.ActiveCfg = Release|iOS
		{A197D536-E7D8-4912-B40D-397F66A5BA67}.Release|iOS.Build.0 = Release|iOS
		{A197D536-E7D8-4912-B40D-397F66A5BA67}.Release|iOS.Deploy.0 = Release|iOS
		{A197D536-E7D8-4912-B40D-397F66A5BA67}.Release|Windows-ARM.ActiveCfg = Release|Windows-ARM
		{A197D536-E7D8-4912-B40D-397F66A5BA67}.Release|Windows-ARM.Build.0 = Release|Windows-ARM
		{A197D536-E7D8-4912-B40D-397F66A5BA67}.Release|Windows-ARM.Deploy.0 = Release|Windows-ARM
		{A197D536-E7D8-4912-B40D-397F66A5BA67}.Release|Windows-x64.ActiveCfg = Release|Windows-x64
		{A197D536-E7D8-4912-B40D-397F66A5BA67}.Release|Windows-x64.Build.0 = Release|Windows-x64
		{A197D536-E7D8-4912-B40D-397F66A5BA67}.Release|Windows-x64.Deploy.0 = Release|Windows-x64
		{A197D536-E7D8-4912-B40D-397F66A5BA67}.Release|Windows-x86.ActiveCfg = Release|Windows-x86
		{A197D536-E7D8-4912-B40D-397F66A5BA67}.Release|Windows-x86.Build.0 = Release|Windows-x86
		{A197D536-E7D8-4912-B40D-397F66A5BA67}.Release|Windows-x86.Deploy.0 = Release|Windows-x86
	EndGlobalSection
	GlobalSection(SolutionProperties) = preSolution
		HideSolutionNode = FALSE
	EndGlobalSection
	GlobalSection(ExtensibilityGlobals) = postSolution
		SolutionGuid = {5FC928A4-2C51-42E9-81C3-DCF8AEAA7EA6}
	EndGlobalSection
EndGlobal
